Microsoft Visual Studio Solution File, Format Version 12.00
# Visual Studio 15
VisualStudioVersion = 15.0.26730.12
MinimumVisualStudioVersion = 15.0.26124.0
Project("{2150E333-8FDC-42A3-9474-1A3956D46DE8}") = "src", "src", "{65FD8157-4CFD-4630-A55A-CC7E0492BD6A}"
EndProject
Project("{2150E333-8FDC-42A3-9474-1A3956D46DE8}") = "Services", "Services", "{811EEFF3-AD0E-4A7B-8939-CEBADCAB65F4}"
EndProject
Project("{2150E333-8FDC-42A3-9474-1A3956D46DE8}") = "BuildingBlocks", "BuildingBlocks", "{CDF441B2-4E41-40D4-855B-6A536259F092}"
EndProject
Project("{9A19103F-16F7-4668-BE54-9A1E7A4F7556}") = "Resilence.Http", "src\BuildingBlocks\Resilence.Http\Resilence.Http.csproj", "{AFEE4F8F-46BE-41B2-9181-13B3D576799F}"
EndProject
Project("{9A19103F-16F7-4668-BE54-9A1E7A4F7556}") = "EventBus", "src\BuildingBlocks\EventBus\EventBus.csproj", "{A19217D5-C5FA-4EFA-87B3-AEF25802AF8D}"
EndProject
Project("{9A19103F-16F7-4668-BE54-9A1E7A4F7556}") = "Logging.API", "src\services\Logging.API\Logging.API.csproj", "{3FDDFEEB-7074-48F6-89B5-440C43A8B270}"
EndProject
Project("{2150E333-8FDC-42A3-9474-1A3956D46DE8}") = "Frontend", "Frontend", "{72362A27-69EF-4235-A7D1-251151F9E3E3}"
EndProject
Project("{9A19103F-16F7-4668-BE54-9A1E7A4F7556}") = "Frontend.Gateway.API", "src\Frontend\Gateway.API\Frontend.Gateway.API.csproj", "{D220C59C-17BC-493D-A19A-69EA5BE1B648}"
EndProject
Project("{2150E333-8FDC-42A3-9474-1A3956D46DE8}") = "Backend", "Backend", "{85FF3896-71AD-43C6-AA31-4F94E4E8825D}"
EndProject
Project("{9A19103F-16F7-4668-BE54-9A1E7A4F7556}") = "Backend.Gateway.API", "src\Backend\Gateway.API\Backend.Gateway.API.csproj", "{31959A45-FED8-4DA9-A1F5-73A469DB9DF8}"
EndProject
Global
	GlobalSection(SolutionConfigurationPlatforms) = preSolution
		Debug|Any CPU = Debug|Any CPU
		Debug|x64 = Debug|x64
		Debug|x86 = Debug|x86
		Release|Any CPU = Release|Any CPU
		Release|x64 = Release|x64
		Release|x86 = Release|x86
	EndGlobalSection
	GlobalSection(ProjectConfigurationPlatforms) = postSolution
		{AFEE4F8F-46BE-41B2-9181-13B3D576799F}.Debug|Any CPU.ActiveCfg = Debug|Any CPU
		{AFEE4F8F-46BE-41B2-9181-13B3D576799F}.Debug|Any CPU.Build.0 = Debug|Any CPU
		{AFEE4F8F-46BE-41B2-9181-13B3D576799F}.Debug|x64.ActiveCfg = Debug|Any CPU
		{AFEE4F8F-46BE-41B2-9181-13B3D576799F}.Debug|x64.Build.0 = Debug|Any CPU
		{AFEE4F8F-46BE-41B2-9181-13B3D576799F}.Debug|x86.ActiveCfg = Debug|Any CPU
		{AFEE4F8F-46BE-41B2-9181-13B3D576799F}.Debug|x86.Build.0 = Debug|Any CPU
		{AFEE4F8F-46BE-41B2-9181-13B3D576799F}.Release|Any CPU.ActiveCfg = Release|Any CPU
		{AFEE4F8F-46BE-41B2-9181-13B3D576799F}.Release|Any CPU.Build.0 = Release|Any CPU
		{AFEE4F8F-46BE-41B2-9181-13B3D576799F}.Release|x64.ActiveCfg = Release|Any CPU
		{AFEE4F8F-46BE-41B2-9181-13B3D576799F}.Release|x64.Build.0 = Release|Any CPU
		{AFEE4F8F-46BE-41B2-9181-13B3D576799F}.Release|x86.ActiveCfg = Release|Any CPU
		{AFEE4F8F-46BE-41B2-9181-13B3D576799F}.Release|x86.Build.0 = Release|Any CPU
		{A19217D5-C5FA-4EFA-87B3-AEF25802AF8D}.Debug|Any CPU.ActiveCfg = Debug|Any CPU
		{A19217D5-C5FA-4EFA-87B3-AEF25802AF8D}.Debug|Any CPU.Build.0 = Debug|Any CPU
		{A19217D5-C5FA-4EFA-87B3-AEF25802AF8D}.Debug|x64.ActiveCfg = Debug|Any CPU
		{A19217D5-C5FA-4EFA-87B3-AEF25802AF8D}.Debug|x64.Build.0 = Debug|Any CPU
		{A19217D5-C5FA-4EFA-87B3-AEF25802AF8D}.Debug|x86.ActiveCfg = Debug|Any CPU
		{A19217D5-C5FA-4EFA-87B3-AEF25802AF8D}.Debug|x86.Build.0 = Debug|Any CPU
		{A19217D5-C5FA-4EFA-87B3-AEF25802AF8D}.Release|Any CPU.ActiveCfg = Release|Any CPU
		{A19217D5-C5FA-4EFA-87B3-AEF25802AF8D}.Release|Any CPU.Build.0 = Release|Any CPU
		{A19217D5-C5FA-4EFA-87B3-AEF25802AF8D}.Release|x64.ActiveCfg = Release|Any CPU
		{A19217D5-C5FA-4EFA-87B3-AEF25802AF8D}.Release|x64.Build.0 = Release|Any CPU
		{A19217D5-C5FA-4EFA-87B3-AEF25802AF8D}.Release|x86.ActiveCfg = Release|Any CPU
		{A19217D5-C5FA-4EFA-87B3-AEF25802AF8D}.Release|x86.Build.0 = Release|Any CPU
		{3FDDFEEB-7074-48F6-89B5-440C43A8B270}.Debug|Any CPU.ActiveCfg = Debug|Any CPU
		{3FDDFEEB-7074-48F6-89B5-440C43A8B270}.Debug|Any CPU.Build.0 = Debug|Any CPU
		{3FDDFEEB-7074-48F6-89B5-440C43A8B270}.Debug|x64.ActiveCfg = Debug|Any CPU
		{3FDDFEEB-7074-48F6-89B5-440C43A8B270}.Debug|x64.Build.0 = Debug|Any CPU
		{3FDDFEEB-7074-48F6-89B5-440C43A8B270}.Debug|x86.ActiveCfg = Debug|Any CPU
		{3FDDFEEB-7074-48F6-89B5-440C43A8B270}.Debug|x86.Build.0 = Debug|Any CPU
		{3FDDFEEB-7074-48F6-89B5-440C43A8B270}.Release|Any CPU.ActiveCfg = Release|Any CPU
		{3FDDFEEB-7074-48F6-89B5-440C43A8B270}.Release|Any CPU.Build.0 = Release|Any CPU
		{3FDDFEEB-7074-48F6-89B5-440C43A8B270}.Release|x64.ActiveCfg = Release|Any CPU
		{3FDDFEEB-7074-48F6-89B5-440C43A8B270}.Release|x64.Build.0 = Release|Any CPU
		{3FDDFEEB-7074-48F6-89B5-440C43A8B270}.Release|x86.ActiveCfg = Release|Any CPU
		{3FDDFEEB-7074-48F6-89B5-440C43A8B270}.Release|x86.Build.0 = Release|Any CPU
		{D220C59C-17BC-493D-A19A-69EA5BE1B648}.Debug|Any CPU.ActiveCfg = Debug|Any CPU
		{D220C59C-17BC-493D-A19A-69EA5BE1B648}.Debug|Any CPU.Build.0 = Debug|Any CPU
		{D220C59C-17BC-493D-A19A-69EA5BE1B648}.Debug|x64.ActiveCfg = Debug|Any CPU
		{D220C59C-17BC-493D-A19A-69EA5BE1B648}.Debug|x64.Build.0 = Debug|Any CPU
		{D220C59C-17BC-493D-A19A-69EA5BE1B648}.Debug|x86.ActiveCfg = Debug|Any CPU
		{D220C59C-17BC-493D-A19A-69EA5BE1B648}.Debug|x86.Build.0 = Debug|Any CPU
		{D220C59C-17BC-493D-A19A-69EA5BE1B648}.Release|Any CPU.ActiveCfg = Release|Any CPU
		{D220C59C-17BC-493D-A19A-69EA5BE1B648}.Release|Any CPU.Build.0 = Release|Any CPU
		{D220C59C-17BC-493D-A19A-69EA5BE1B648}.Release|x64.ActiveCfg = Release|Any CPU
		{D220C59C-17BC-493D-A19A-69EA5BE1B648}.Release|x64.Build.0 = Release|Any CPU
		{D220C59C-17BC-493D-A19A-69EA5BE1B648}.Release|x86.ActiveCfg = Release|Any CPU
		{D220C59C-17BC-493D-A19A-69EA5BE1B648}.Release|x86.Build.0 = Release|Any CPU
		{31959A45-FED8-4DA9-A1F5-73A469DB9DF8}.Debug|Any CPU.ActiveCfg = Debug|Any CPU
		{31959A45-FED8-4DA9-A1F5-73A469DB9DF8}.Debug|Any CPU.Build.0 = Debug|Any CPU
		{31959A45-FED8-4DA9-A1F5-73A469DB9DF8}.Debug|x64.ActiveCfg = Debug|Any CPU
		{31959A45-FED8-4DA9-A1F5-73A469DB9DF8}.Debug|x64.Build.0 = Debug|Any CPU
		{31959A45-FED8-4DA9-A1F5-73A469DB9DF8}.Debug|x86.ActiveCfg = Debug|Any CPU
		{31959A45-FED8-4DA9-A1F5-73A469DB9DF8}.Debug|x86.Build.0 = Debug|Any CPU
		{31959A45-FED8-4DA9-A1F5-73A469DB9DF8}.Release|Any CPU.ActiveCfg = Release|Any CPU
		{31959A45-FED8-4DA9-A1F5-73A469DB9DF8}.Release|Any CPU.Build.0 = Release|Any CPU
		{31959A45-FED8-4DA9-A1F5-73A469DB9DF8}.Release|x64.ActiveCfg = Release|Any CPU
		{31959A45-FED8-4DA9-A1F5-73A469DB9DF8}.Release|x64.Build.0 = Release|Any CPU
		{31959A45-FED8-4DA9-A1F5-73A469DB9DF8}.Release|x86.ActiveCfg = Release|Any CPU
		{31959A45-FED8-4DA9-A1F5-73A469DB9DF8}.Release|x86.Build.0 = Release|Any CPU
	EndGlobalSection
	GlobalSection(SolutionProperties) = preSolution
		HideSolutionNode = FALSE
	EndGlobalSection
	GlobalSection(NestedProjects) = preSolution
		{811EEFF3-AD0E-4A7B-8939-CEBADCAB65F4} = {65FD8157-4CFD-4630-A55A-CC7E0492BD6A}
		{CDF441B2-4E41-40D4-855B-6A536259F092} = {65FD8157-4CFD-4630-A55A-CC7E0492BD6A}
		{AFEE4F8F-46BE-41B2-9181-13B3D576799F} = {CDF441B2-4E41-40D4-855B-6A536259F092}
		{A19217D5-C5FA-4EFA-87B3-AEF25802AF8D} = {CDF441B2-4E41-40D4-855B-6A536259F092}
		{3FDDFEEB-7074-48F6-89B5-440C43A8B270} = {811EEFF3-AD0E-4A7B-8939-CEBADCAB65F4}
		{72362A27-69EF-4235-A7D1-251151F9E3E3} = {65FD8157-4CFD-4630-A55A-CC7E0492BD6A}
		{D220C59C-17BC-493D-A19A-69EA5BE1B648} = {72362A27-69EF-4235-A7D1-251151F9E3E3}
		{85FF3896-71AD-43C6-AA31-4F94E4E8825D} = {65FD8157-4CFD-4630-A55A-CC7E0492BD6A}
		{31959A45-FED8-4DA9-A1F5-73A469DB9DF8} = {85FF3896-71AD-43C6-AA31-4F94E4E8825D}
	EndGlobalSection
	GlobalSection(ExtensibilityGlobals) = postSolution
		SolutionGuid = {F811EDF2-CF5D-49A6-9C03-E2BFC2836452}
	EndGlobalSection
EndGlobal
