Microsoft Visual Studio Solution File, Format Version 12.00
# Visual Studio 15
VisualStudioVersion = 15.0.26228.9
MinimumVisualStudioVersion = 15.0.26124.0
Project("{2150E333-8FDC-42A3-9474-1A3956D46DE8}") = "src", "src", "{65FD8157-4CFD-4630-A55A-CC7E0492BD6A}"
EndProject
Project("{2150E333-8FDC-42A3-9474-1A3956D46DE8}") = "Services", "Services", "{811EEFF3-AD0E-4A7B-8939-CEBADCAB65F4}"
EndProject
Project("{9A19103F-16F7-4668-BE54-9A1E7A4F7556}") = "Scripts.API", "src\Services\Scripts.API\Scripts.API.csproj", "{4F384CDF-30CE-459E-9FBA-BB9BC02954DB}"
EndProject
Project("{2150E333-8FDC-42A3-9474-1A3956D46DE8}") = "BuildingBlocks", "BuildingBlocks", "{CDF441B2-4E41-40D4-855B-6A536259F092}"
EndProject
Project("{9A19103F-16F7-4668-BE54-9A1E7A4F7556}") = "Resilence.Http", "src\BuildingBlocks\Resilence.Http\Resilence.Http.csproj", "{AFEE4F8F-46BE-41B2-9181-13B3D576799F}"
EndProject
Project("{FAE04EC0-301F-11D3-BF4B-00C04F79EFBC}") = "EventBus", "src\BuildingBlocks\EventBus\EventBus.csproj", "{A19217D5-C5FA-4EFA-87B3-AEF25802AF8D}"
EndProject
Project("{FAE04EC0-301F-11D3-BF4B-00C04F79EFBC}") = "Logging.API", "src\services\Logging.API\Logging.API.csproj", "{3FDDFEEB-7074-48F6-89B5-440C43A8B270}"
EndProject
Global
	GlobalSection(SolutionConfigurationPlatforms) = preSolution
		Debug|Any CPU = Debug|Any CPU
		Debug|x64 = Debug|x64
		Debug|x86 = Debug|x86
		Release|Any CPU = Release|Any CPU
		Release|x64 = Release|x64
		Release|x86 = Release|x86
	EndGlobalSection
	GlobalSection(ProjectConfigurationPlatforms) = postSolution
		{4F384CDF-30CE-459E-9FBA-BB9BC02954DB}.Debug|Any CPU.ActiveCfg = Debug|Any CPU
		{4F384CDF-30CE-459E-9FBA-BB9BC02954DB}.Debug|Any CPU.Build.0 = Debug|Any CPU
		{4F384CDF-30CE-459E-9FBA-BB9BC02954DB}.Debug|x64.ActiveCfg = Debug|Any CPU
		{4F384CDF-30CE-459E-9FBA-BB9BC02954DB}.Debug|x64.Build.0 = Debug|Any CPU
		{4F384CDF-30CE-459E-9FBA-BB9BC02954DB}.Debug|x86.ActiveCfg = Debug|Any CPU
		{4F384CDF-30CE-459E-9FBA-BB9BC02954DB}.Debug|x86.Build.0 = Debug|Any CPU
		{4F384CDF-30CE-459E-9FBA-BB9BC02954DB}.Release|Any CPU.ActiveCfg = Release|Any CPU
		{4F384CDF-30CE-459E-9FBA-BB9BC02954DB}.Release|Any CPU.Build.0 = Release|Any CPU
		{4F384CDF-30CE-459E-9FBA-BB9BC02954DB}.Release|x64.ActiveCfg = Release|Any CPU
		{4F384CDF-30CE-459E-9FBA-BB9BC02954DB}.Release|x64.Build.0 = Release|Any CPU
		{4F384CDF-30CE-459E-9FBA-BB9BC02954DB}.Release|x86.ActiveCfg = Release|Any CPU
		{4F384CDF-30CE-459E-9FBA-BB9BC02954DB}.Release|x86.Build.0 = Release|Any CPU
		{AFEE4F8F-46BE-41B2-9181-13B3D576799F}.Debug|Any CPU.ActiveCfg = Debug|Any CPU
		{AFEE4F8F-46BE-41B2-9181-13B3D576799F}.Debug|Any CPU.Build.0 = Debug|Any CPU
		{AFEE4F8F-46BE-41B2-9181-13B3D576799F}.Debug|x64.ActiveCfg = Debug|Any CPU
		{AFEE4F8F-46BE-41B2-9181-13B3D576799F}.Debug|x64.Build.0 = Debug|Any CPU
		{AFEE4F8F-46BE-41B2-9181-13B3D576799F}.Debug|x86.ActiveCfg = Debug|Any CPU
		{AFEE4F8F-46BE-41B2-9181-13B3D576799F}.Debug|x86.Build.0 = Debug|Any CPU
		{AFEE4F8F-46BE-41B2-9181-13B3D576799F}.Release|Any CPU.ActiveCfg = Release|Any CPU
		{AFEE4F8F-46BE-41B2-9181-13B3D576799F}.Release|Any CPU.Build.0 = Release|Any CPU
		{AFEE4F8F-46BE-41B2-9181-13B3D576799F}.Release|x64.ActiveCfg = Release|Any CPU
		{AFEE4F8F-46BE-41B2-9181-13B3D576799F}.Release|x64.Build.0 = Release|Any CPU
		{AFEE4F8F-46BE-41B2-9181-13B3D576799F}.Release|x86.ActiveCfg = Release|Any CPU
		{AFEE4F8F-46BE-41B2-9181-13B3D576799F}.Release|x86.Build.0 = Release|Any CPU
<<<<<<< HEAD
		{A19217D5-C5FA-4EFA-87B3-AEF25802AF8D}.Debug|Any CPU.ActiveCfg = Debug|Any CPU
		{A19217D5-C5FA-4EFA-87B3-AEF25802AF8D}.Debug|Any CPU.Build.0 = Debug|Any CPU
		{A19217D5-C5FA-4EFA-87B3-AEF25802AF8D}.Debug|x64.ActiveCfg = Debug|Any CPU
		{A19217D5-C5FA-4EFA-87B3-AEF25802AF8D}.Debug|x64.Build.0 = Debug|Any CPU
		{A19217D5-C5FA-4EFA-87B3-AEF25802AF8D}.Debug|x86.ActiveCfg = Debug|Any CPU
		{A19217D5-C5FA-4EFA-87B3-AEF25802AF8D}.Debug|x86.Build.0 = Debug|Any CPU
		{A19217D5-C5FA-4EFA-87B3-AEF25802AF8D}.Release|Any CPU.ActiveCfg = Release|Any CPU
		{A19217D5-C5FA-4EFA-87B3-AEF25802AF8D}.Release|Any CPU.Build.0 = Release|Any CPU
		{A19217D5-C5FA-4EFA-87B3-AEF25802AF8D}.Release|x64.ActiveCfg = Release|Any CPU
		{A19217D5-C5FA-4EFA-87B3-AEF25802AF8D}.Release|x64.Build.0 = Release|Any CPU
		{A19217D5-C5FA-4EFA-87B3-AEF25802AF8D}.Release|x86.ActiveCfg = Release|Any CPU
		{A19217D5-C5FA-4EFA-87B3-AEF25802AF8D}.Release|x86.Build.0 = Release|Any CPU
=======
		{3FDDFEEB-7074-48F6-89B5-440C43A8B270}.Debug|Any CPU.ActiveCfg = Debug|Any CPU
		{3FDDFEEB-7074-48F6-89B5-440C43A8B270}.Debug|Any CPU.Build.0 = Debug|Any CPU
		{3FDDFEEB-7074-48F6-89B5-440C43A8B270}.Debug|x64.ActiveCfg = Debug|Any CPU
		{3FDDFEEB-7074-48F6-89B5-440C43A8B270}.Debug|x64.Build.0 = Debug|Any CPU
		{3FDDFEEB-7074-48F6-89B5-440C43A8B270}.Debug|x86.ActiveCfg = Debug|Any CPU
		{3FDDFEEB-7074-48F6-89B5-440C43A8B270}.Debug|x86.Build.0 = Debug|Any CPU
		{3FDDFEEB-7074-48F6-89B5-440C43A8B270}.Release|Any CPU.ActiveCfg = Release|Any CPU
		{3FDDFEEB-7074-48F6-89B5-440C43A8B270}.Release|Any CPU.Build.0 = Release|Any CPU
		{3FDDFEEB-7074-48F6-89B5-440C43A8B270}.Release|x64.ActiveCfg = Release|Any CPU
		{3FDDFEEB-7074-48F6-89B5-440C43A8B270}.Release|x64.Build.0 = Release|Any CPU
		{3FDDFEEB-7074-48F6-89B5-440C43A8B270}.Release|x86.ActiveCfg = Release|Any CPU
		{3FDDFEEB-7074-48F6-89B5-440C43A8B270}.Release|x86.Build.0 = Release|Any CPU
>>>>>>> develop
	EndGlobalSection
	GlobalSection(SolutionProperties) = preSolution
		HideSolutionNode = FALSE
	EndGlobalSection
	GlobalSection(NestedProjects) = preSolution
		{811EEFF3-AD0E-4A7B-8939-CEBADCAB65F4} = {65FD8157-4CFD-4630-A55A-CC7E0492BD6A}
		{4F384CDF-30CE-459E-9FBA-BB9BC02954DB} = {811EEFF3-AD0E-4A7B-8939-CEBADCAB65F4}
		{CDF441B2-4E41-40D4-855B-6A536259F092} = {65FD8157-4CFD-4630-A55A-CC7E0492BD6A}
		{AFEE4F8F-46BE-41B2-9181-13B3D576799F} = {CDF441B2-4E41-40D4-855B-6A536259F092}
<<<<<<< HEAD
		{A19217D5-C5FA-4EFA-87B3-AEF25802AF8D} = {CDF441B2-4E41-40D4-855B-6A536259F092}
=======
		{3FDDFEEB-7074-48F6-89B5-440C43A8B270} = {811EEFF3-AD0E-4A7B-8939-CEBADCAB65F4}
>>>>>>> develop
	EndGlobalSection
EndGlobal
