Microsoft Visual Studio Solution File, Format Version 12.00
# Visual Studio 15
VisualStudioVersion = 15.0.26228.9
MinimumVisualStudioVersion = 15.0.26124.0
Project("{2150E333-8FDC-42A3-9474-1A3956D46DE8}") = "src", "src", "{C8BF6F16-DAD9-4F2F-857B-B1F571E1ED9A}"
EndProject
Project("{2150E333-8FDC-42A3-9474-1A3956D46DE8}") = "Services", "Services", "{DB087A87-A824-44D2-8CE1-B81FB7578FEF}"
EndProject
Project("{9A19103F-16F7-4668-BE54-9A1E7A4F7556}") = "Scripts.API", "src\Services\Scripts.API\Scripts.API.csproj", "{1BFCFB51-DEA4-4308-A340-1424410E6E11}"
EndProject
Project("{9A19103F-16F7-4668-BE54-9A1E7A4F7556}") = "Logging.API", "src\services\Logging.API\Logging.API.csproj", "{45D5EE73-F826-4402-8849-E583850A40D9}"
EndProject
Project("{2150E333-8FDC-42A3-9474-1A3956D46DE8}") = "Frontend", "Frontend", "{0EE89F72-DA6A-431D-B3CA-FF9A52EF4809}"
EndProject
Project("{9A19103F-16F7-4668-BE54-9A1E7A4F7556}") = "Gateway.API", "src\Frontend\Gateway.API\Gateway.API.csproj", "{3C89F915-9601-4752-B34E-EC621AAD8626}"
EndProject
Global
	GlobalSection(SolutionConfigurationPlatforms) = preSolution
		Debug|Any CPU = Debug|Any CPU
		Debug|x64 = Debug|x64
		Debug|x86 = Debug|x86
		Release|Any CPU = Release|Any CPU
		Release|x64 = Release|x64
		Release|x86 = Release|x86
	EndGlobalSection
	GlobalSection(ProjectConfigurationPlatforms) = postSolution
		{1BFCFB51-DEA4-4308-A340-1424410E6E11}.Debug|Any CPU.ActiveCfg = Debug|Any CPU
		{1BFCFB51-DEA4-4308-A340-1424410E6E11}.Debug|Any CPU.Build.0 = Debug|Any CPU
		{1BFCFB51-DEA4-4308-A340-1424410E6E11}.Debug|x64.ActiveCfg = Debug|Any CPU
		{1BFCFB51-DEA4-4308-A340-1424410E6E11}.Debug|x64.Build.0 = Debug|Any CPU
		{1BFCFB51-DEA4-4308-A340-1424410E6E11}.Debug|x86.ActiveCfg = Debug|Any CPU
		{1BFCFB51-DEA4-4308-A340-1424410E6E11}.Debug|x86.Build.0 = Debug|Any CPU
		{1BFCFB51-DEA4-4308-A340-1424410E6E11}.Release|Any CPU.ActiveCfg = Release|Any CPU
		{1BFCFB51-DEA4-4308-A340-1424410E6E11}.Release|Any CPU.Build.0 = Release|Any CPU
		{1BFCFB51-DEA4-4308-A340-1424410E6E11}.Release|x64.ActiveCfg = Release|Any CPU
		{1BFCFB51-DEA4-4308-A340-1424410E6E11}.Release|x64.Build.0 = Release|Any CPU
		{1BFCFB51-DEA4-4308-A340-1424410E6E11}.Release|x86.ActiveCfg = Release|Any CPU
		{1BFCFB51-DEA4-4308-A340-1424410E6E11}.Release|x86.Build.0 = Release|Any CPU
		{45D5EE73-F826-4402-8849-E583850A40D9}.Debug|Any CPU.ActiveCfg = Debug|Any CPU
		{45D5EE73-F826-4402-8849-E583850A40D9}.Debug|Any CPU.Build.0 = Debug|Any CPU
		{45D5EE73-F826-4402-8849-E583850A40D9}.Debug|x64.ActiveCfg = Debug|Any CPU
		{45D5EE73-F826-4402-8849-E583850A40D9}.Debug|x64.Build.0 = Debug|Any CPU
		{45D5EE73-F826-4402-8849-E583850A40D9}.Debug|x86.ActiveCfg = Debug|Any CPU
		{45D5EE73-F826-4402-8849-E583850A40D9}.Debug|x86.Build.0 = Debug|Any CPU
		{45D5EE73-F826-4402-8849-E583850A40D9}.Release|Any CPU.ActiveCfg = Release|Any CPU
		{45D5EE73-F826-4402-8849-E583850A40D9}.Release|Any CPU.Build.0 = Release|Any CPU
		{45D5EE73-F826-4402-8849-E583850A40D9}.Release|x64.ActiveCfg = Release|Any CPU
		{45D5EE73-F826-4402-8849-E583850A40D9}.Release|x64.Build.0 = Release|Any CPU
		{45D5EE73-F826-4402-8849-E583850A40D9}.Release|x86.ActiveCfg = Release|Any CPU
		{45D5EE73-F826-4402-8849-E583850A40D9}.Release|x86.Build.0 = Release|Any CPU
		{3C89F915-9601-4752-B34E-EC621AAD8626}.Debug|Any CPU.ActiveCfg = Debug|Any CPU
		{3C89F915-9601-4752-B34E-EC621AAD8626}.Debug|Any CPU.Build.0 = Debug|Any CPU
		{3C89F915-9601-4752-B34E-EC621AAD8626}.Debug|x64.ActiveCfg = Debug|Any CPU
		{3C89F915-9601-4752-B34E-EC621AAD8626}.Debug|x64.Build.0 = Debug|Any CPU
		{3C89F915-9601-4752-B34E-EC621AAD8626}.Debug|x86.ActiveCfg = Debug|Any CPU
		{3C89F915-9601-4752-B34E-EC621AAD8626}.Debug|x86.Build.0 = Debug|Any CPU
		{3C89F915-9601-4752-B34E-EC621AAD8626}.Release|Any CPU.ActiveCfg = Release|Any CPU
		{3C89F915-9601-4752-B34E-EC621AAD8626}.Release|Any CPU.Build.0 = Release|Any CPU
		{3C89F915-9601-4752-B34E-EC621AAD8626}.Release|x64.ActiveCfg = Release|Any CPU
		{3C89F915-9601-4752-B34E-EC621AAD8626}.Release|x64.Build.0 = Release|Any CPU
		{3C89F915-9601-4752-B34E-EC621AAD8626}.Release|x86.ActiveCfg = Release|Any CPU
		{3C89F915-9601-4752-B34E-EC621AAD8626}.Release|x86.Build.0 = Release|Any CPU
	EndGlobalSection
	GlobalSection(SolutionProperties) = preSolution
		HideSolutionNode = FALSE
	EndGlobalSection
	GlobalSection(NestedProjects) = preSolution
		{DB087A87-A824-44D2-8CE1-B81FB7578FEF} = {C8BF6F16-DAD9-4F2F-857B-B1F571E1ED9A}
		{1BFCFB51-DEA4-4308-A340-1424410E6E11} = {DB087A87-A824-44D2-8CE1-B81FB7578FEF}
		{45D5EE73-F826-4402-8849-E583850A40D9} = {DB087A87-A824-44D2-8CE1-B81FB7578FEF}
		{0EE89F72-DA6A-431D-B3CA-FF9A52EF4809} = {C8BF6F16-DAD9-4F2F-857B-B1F571E1ED9A}
		{3C89F915-9601-4752-B34E-EC621AAD8626} = {0EE89F72-DA6A-431D-B3CA-FF9A52EF4809}
	EndGlobalSection
EndGlobal
